<?xml version="1.0" encoding="utf-8"?>
<Project ToolsVersion="4.0" xmlns="http://schemas.microsoft.com/developer/msbuild/2003">
  <ItemGroup>
    <Filter Include="源文件">
      <UniqueIdentifier>{4FC737F1-C7A5-4376-A066-2A32D752A2FF}</UniqueIdentifier>
      <Extensions>cpp;c;cc;cxx;def;odl;idl;hpj;bat;asm;asmx</Extensions>
    </Filter>
    <Filter Include="头文件">
      <UniqueIdentifier>{93995380-89BD-4b04-88EB-625FBE52EBFB}</UniqueIdentifier>
      <Extensions>h;hh;hpp;hxx;hm;inl;inc;ipp;xsd</Extensions>
    </Filter>
    <Filter Include="资源文件">
      <UniqueIdentifier>{67DA6AB6-F800-4c08-8B7A-83BB121AAD01}</UniqueIdentifier>
      <Extensions>rc;ico;cur;bmp;dlg;rc2;rct;bin;rgs;gif;jpg;jpeg;jpe;resx;tiff;tif;png;wav;mfcribbon-ms</Extensions>
    </Filter>
    <Filter Include="资源文件\Shaders">
      <UniqueIdentifier>{904c85d6-8b62-4f30-aa46-c926a61d5e79}</UniqueIdentifier>
    </Filter>
    <Filter Include="资源文件\Shaders\Session6">
      <UniqueIdentifier>{214f72f4-a767-4217-ad11-190e24bac30f}</UniqueIdentifier>
    </Filter>
    <Filter Include="资源文件\Shaders\Session7">
      <UniqueIdentifier>{9479cef5-c3d9-46a9-87c8-dccf19ace63e}</UniqueIdentifier>
    </Filter>
    <Filter Include="资源文件\Shaders\Session8">
      <UniqueIdentifier>{d898bdcc-0323-4887-b0ee-6a831f7ba6ba}</UniqueIdentifier>
    </Filter>
    <Filter Include="资源文件\Shaders\Session3">
      <UniqueIdentifier>{76247a1e-36d1-42a6-819a-c109eb5300c6}</UniqueIdentifier>
    </Filter>
    <Filter Include="资源文件\Shaders\Session9">
      <UniqueIdentifier>{420269d9-cd46-4463-8f9c-e0a6191e40fd}</UniqueIdentifier>
    </Filter>
    <Filter Include="资源文件\Shaders\Session10">
      <UniqueIdentifier>{0aa6a35f-0e32-4853-8dd8-d71b33d69e32}</UniqueIdentifier>
    </Filter>
    <Filter Include="头文件\Course">
      <UniqueIdentifier>{8bec97c7-8f32-477b-9898-c60e9e7702b0}</UniqueIdentifier>
    </Filter>
  </ItemGroup>
  <ItemGroup>
    <ClCompile Include="glad.c">
      <Filter>源文件</Filter>
    </ClCompile>
    <ClCompile Include="main.cpp">
      <Filter>源文件</Filter>
    </ClCompile>
    <ClCompile Include="Application.cpp">
      <Filter>源文件</Filter>
    </ClCompile>
    <ClCompile Include="World.cpp">
      <Filter>源文件</Filter>
    </ClCompile>
    <ClCompile Include="MainView.cpp">
      <Filter>源文件</Filter>
    </ClCompile>
    <ClCompile Include="UIBase.cpp">
      <Filter>源文件</Filter>
    </ClCompile>
    <ClCompile Include="RenderBatch.cpp">
      <Filter>源文件</Filter>
    </ClCompile>
    <ClCompile Include="Canvas.cpp">
      <Filter>源文件</Filter>
    </ClCompile>
    <ClCompile Include="RenderObject.cpp">
      <Filter>源文件</Filter>
    </ClCompile>
    <ClCompile Include="CourseManager.cpp">
      <Filter>源文件</Filter>
    </ClCompile>
  </ItemGroup>
  <ItemGroup>
    <None Include="Shaders\BaseFragment.shader">
      <Filter>资源文件\Shaders</Filter>
    </None>
    <None Include="Shaders\BaseVertex.shader">
      <Filter>资源文件\Shaders</Filter>
    </None>
    <None Include="Shaders\Session6\Session6_Fragment.shader">
      <Filter>资源文件\Shaders\Session6</Filter>
    </None>
    <None Include="Shaders\Session6\Session6_Vertex.shader">
      <Filter>资源文件\Shaders\Session6</Filter>
    </None>
    <None Include="Shaders\Session7\Session7_Fragment.shader">
      <Filter>资源文件\Shaders\Session7</Filter>
    </None>
    <None Include="Shaders\Session7\Session7_Vertex.shader">
      <Filter>资源文件\Shaders\Session7</Filter>
    </None>
    <None Include="Shaders\Session8\Session8_Fragment.shader">
      <Filter>资源文件\Shaders\Session8</Filter>
    </None>
    <None Include="Shaders\Session8\Session8_Vertex.shader">
      <Filter>资源文件\Shaders\Session8</Filter>
    </None>
    <None Include="Shaders\Session3\Session3_Fragment.shader">
      <Filter>资源文件\Shaders\Session3</Filter>
    </None>
    <None Include="Shaders\Session3\Session3_Vertex.shader">
      <Filter>资源文件\Shaders\Session3</Filter>
    </None>
    <None Include="Shaders\Session9\Session9_Fragment.shader">
      <Filter>资源文件\Shaders\Session9</Filter>
    </None>
    <None Include="Shaders\Session9\Session9_Vertex.shader">
      <Filter>资源文件\Shaders\Session9</Filter>
    </None>
    <None Include="Shaders\Session10\Session10_Fragment.shader">
      <Filter>资源文件\Shaders\Session10</Filter>
    </None>
    <None Include="Shaders\Session10\Session10_Vertex.shader">
      <Filter>资源文件\Shaders\Session10</Filter>
    </None>
  </ItemGroup>
  <ItemGroup>
    <ClInclude Include="Application.h">
      <Filter>头文件</Filter>
    </ClInclude>
    <ClInclude Include="UIBase.h">
      <Filter>头文件</Filter>
    </ClInclude>
    <ClInclude Include="World.h">
      <Filter>头文件</Filter>
    </ClInclude>
    <ClInclude Include="MainView.h">
      <Filter>头文件</Filter>
    </ClInclude>
    <ClInclude Include="CoreMinial.h">
      <Filter>头文件</Filter>
    </ClInclude>
    <ClInclude Include="RenderBatch.h">
      <Filter>头文件</Filter>
    </ClInclude>
    <ClInclude Include="Canvas.h">
      <Filter>头文件</Filter>
    </ClInclude>
    <ClInclude Include="UIItem.h">
      <Filter>头文件</Filter>
    </ClInclude>
    <ClInclude Include="RenderObject.h">
      <Filter>头文件</Filter>
    </ClInclude>
    <ClInclude Include="CourseManager.h">
      <Filter>头文件</Filter>
    </ClInclude>
    <ClInclude Include="CourseBase.h">
      <Filter>头文件</Filter>
    </ClInclude>
    <ClInclude Include="Course\Course1.h">
      <Filter>头文件\Course</Filter>
    </ClInclude>
    <ClInclude Include="CUSTOM_REFLECT_ACTION.h">
      <Filter>头文件</Filter>
    </ClInclude>
    <ClInclude Include="AllCourse.h">
      <Filter>头文件</Filter>
    </ClInclude>
  </ItemGroup>
</Project>